// !$*UTF8*$!
{
	archiveVersion = 1;
	classes = {
	};
	objectVersion = 48;
	objects = {

/* Begin PBXBuildFile section */
		C41E94981FC4388400815E71 /* RxSwift.framework in Frameworks */ = {isa = PBXBuildFile; fileRef = C41E94951FC4380F00815E71 /* RxSwift.framework */; };
		C41E94991FC4388400815E71 /* RxSwift.framework in Embed Frameworks */ = {isa = PBXBuildFile; fileRef = C41E94951FC4380F00815E71 /* RxSwift.framework */; settings = {ATTRIBUTES = (CodeSignOnCopy, RemoveHeadersOnCopy, ); }; };
		C41E949A1FC4388A00815E71 /* RxCocoa.framework in Frameworks */ = {isa = PBXBuildFile; fileRef = C41E94941FC4380F00815E71 /* RxCocoa.framework */; };
		C41E949B1FC4388A00815E71 /* RxCocoa.framework in Embed Frameworks */ = {isa = PBXBuildFile; fileRef = C41E94941FC4380F00815E71 /* RxCocoa.framework */; settings = {ATTRIBUTES = (CodeSignOnCopy, RemoveHeadersOnCopy, ); }; };
		C47207A01FB8ED5400197310 /* berlin.gpx in Resources */ = {isa = PBXBuildFile; fileRef = C472079F1FB8ED5400197310 /* berlin.gpx */; };
		C4A8A3EA1FB5B4F600356A42 /* AppDelegate.swift in Sources */ = {isa = PBXBuildFile; fileRef = C4A8A3E91FB5B4F600356A42 /* AppDelegate.swift */; };
		C4A8A3EC1FB5B4F600356A42 /* ViewController.swift in Sources */ = {isa = PBXBuildFile; fileRef = C4A8A3EB1FB5B4F600356A42 /* ViewController.swift */; };
		C4A8A3EF1FB5B4F600356A42 /* Main.storyboard in Resources */ = {isa = PBXBuildFile; fileRef = C4A8A3ED1FB5B4F600356A42 /* Main.storyboard */; };
		C4A8A3F11FB5B4F600356A42 /* Assets.xcassets in Resources */ = {isa = PBXBuildFile; fileRef = C4A8A3F01FB5B4F600356A42 /* Assets.xcassets */; };
		C4A8A3F41FB5B4F600356A42 /* LaunchScreen.storyboard in Resources */ = {isa = PBXBuildFile; fileRef = C4A8A3F21FB5B4F600356A42 /* LaunchScreen.storyboard */; };
		C4BADF211FC4D8B800847618 /* RxCoreLocation.framework in Frameworks */ = {isa = PBXBuildFile; fileRef = C4BADF201FC4D8B800847618 /* RxCoreLocation.framework */; };
		C4BADF221FC4D8B800847618 /* RxCoreLocation.framework in Embed Frameworks */ = {isa = PBXBuildFile; fileRef = C4BADF201FC4D8B800847618 /* RxCoreLocation.framework */; settings = {ATTRIBUTES = (CodeSignOnCopy, RemoveHeadersOnCopy, ); }; };
/* End PBXBuildFile section */

/* Begin PBXCopyFilesBuildPhase section */
		C41E94931FC4377E00815E71 /* Embed Frameworks */ = {
			isa = PBXCopyFilesBuildPhase;
			buildActionMask = 2147483647;
			dstPath = "";
			dstSubfolderSpec = 10;
			files = (
				C4BADF221FC4D8B800847618 /* RxCoreLocation.framework in Embed Frameworks */,
				C41E949B1FC4388A00815E71 /* RxCocoa.framework in Embed Frameworks */,
				C41E94991FC4388400815E71 /* RxSwift.framework in Embed Frameworks */,
			);
			name = "Embed Frameworks";
			runOnlyForDeploymentPostprocessing = 0;
		};
/* End PBXCopyFilesBuildPhase section */

/* Begin PBXFileReference section */
		C41E94941FC4380F00815E71 /* RxCocoa.framework */ = {isa = PBXFileReference; lastKnownFileType = wrapper.framework; name = RxCocoa.framework; path = Carthage/Build/iOS/RxCocoa.framework; sourceTree = "<group>"; };
		C41E94951FC4380F00815E71 /* RxSwift.framework */ = {isa = PBXFileReference; lastKnownFileType = wrapper.framework; name = RxSwift.framework; path = Carthage/Build/iOS/RxSwift.framework; sourceTree = "<group>"; };
		C472079F1FB8ED5400197310 /* berlin.gpx */ = {isa = PBXFileReference; fileEncoding = 4; lastKnownFileType = text.xml; path = berlin.gpx; sourceTree = "<group>"; };
		C4A8A3E61FB5B4F600356A42 /* RxCoreLocationExample.app */ = {isa = PBXFileReference; explicitFileType = wrapper.application; includeInIndex = 0; path = RxCoreLocationExample.app; sourceTree = BUILT_PRODUCTS_DIR; };
		C4A8A3E91FB5B4F600356A42 /* AppDelegate.swift */ = {isa = PBXFileReference; lastKnownFileType = sourcecode.swift; path = AppDelegate.swift; sourceTree = "<group>"; };
		C4A8A3EB1FB5B4F600356A42 /* ViewController.swift */ = {isa = PBXFileReference; lastKnownFileType = sourcecode.swift; path = ViewController.swift; sourceTree = "<group>"; };
		C4A8A3EE1FB5B4F600356A42 /* Base */ = {isa = PBXFileReference; lastKnownFileType = file.storyboard; name = Base; path = Base.lproj/Main.storyboard; sourceTree = "<group>"; };
		C4A8A3F01FB5B4F600356A42 /* Assets.xcassets */ = {isa = PBXFileReference; lastKnownFileType = folder.assetcatalog; path = Assets.xcassets; sourceTree = "<group>"; };
		C4A8A3F31FB5B4F600356A42 /* Base */ = {isa = PBXFileReference; lastKnownFileType = file.storyboard; name = Base; path = Base.lproj/LaunchScreen.storyboard; sourceTree = "<group>"; };
		C4A8A3F51FB5B4F600356A42 /* Info.plist */ = {isa = PBXFileReference; lastKnownFileType = text.plist.xml; path = Info.plist; sourceTree = "<group>"; };
		C4A8A4191FB5B57100356A42 /* RxCoreLocation.framework */ = {isa = PBXFileReference; explicitFileType = wrapper.framework; path = RxCoreLocation.framework; sourceTree = BUILT_PRODUCTS_DIR; };
		C4A8A41A1FB5BC4C00356A42 /* RxSwift.framework */ = {isa = PBXFileReference; lastKnownFileType = wrapper.framework; name = RxSwift.framework; path = ../Carthage/Build/iOS/RxSwift.framework; sourceTree = "<group>"; };
		C4A8A41C1FB5BC5200356A42 /* RxCocoa.framework */ = {isa = PBXFileReference; lastKnownFileType = wrapper.framework; name = RxCocoa.framework; path = ../Carthage/Build/iOS/RxCocoa.framework; sourceTree = "<group>"; };
		C4BADF201FC4D8B800847618 /* RxCoreLocation.framework */ = {isa = PBXFileReference; explicitFileType = wrapper.framework; path = RxCoreLocation.framework; sourceTree = BUILT_PRODUCTS_DIR; };
/* End PBXFileReference section */

/* Begin PBXFrameworksBuildPhase section */
		C4A8A3E31FB5B4F600356A42 /* Frameworks */ = {
			isa = PBXFrameworksBuildPhase;
			buildActionMask = 2147483647;
			files = (
				C4BADF211FC4D8B800847618 /* RxCoreLocation.framework in Frameworks */,
				C41E949A1FC4388A00815E71 /* RxCocoa.framework in Frameworks */,
				C41E94981FC4388400815E71 /* RxSwift.framework in Frameworks */,
			);
			runOnlyForDeploymentPostprocessing = 0;
		};
/* End PBXFrameworksBuildPhase section */

/* Begin PBXGroup section */
		C4A8A3DD1FB5B4F600356A42 = {
			isa = PBXGroup;
			children = (
				C4BADF201FC4D8B800847618 /* RxCoreLocation.framework */,
				C4A8A3E81FB5B4F600356A42 /* RxCoreLocationExample */,
				C4A8A3E71FB5B4F600356A42 /* Products */,
				C4A8A4171FB5B57100356A42 /* Frameworks */,
			);
			sourceTree = "<group>";
		};
		C4A8A3E71FB5B4F600356A42 /* Products */ = {
			isa = PBXGroup;
			children = (
				C4A8A3E61FB5B4F600356A42 /* RxCoreLocationExample.app */,
			);
			name = Products;
			sourceTree = "<group>";
		};
		C4A8A3E81FB5B4F600356A42 /* RxCoreLocationExample */ = {
			isa = PBXGroup;
			children = (
				C472079F1FB8ED5400197310 /* berlin.gpx */,
				C4A8A3E91FB5B4F600356A42 /* AppDelegate.swift */,
				C4A8A3EB1FB5B4F600356A42 /* ViewController.swift */,
				C4A8A3ED1FB5B4F600356A42 /* Main.storyboard */,
				C4A8A3F01FB5B4F600356A42 /* Assets.xcassets */,
				C4A8A3F21FB5B4F600356A42 /* LaunchScreen.storyboard */,
				C4A8A3F51FB5B4F600356A42 /* Info.plist */,
			);
			path = RxCoreLocationExample;
			sourceTree = "<group>";
		};
		C4A8A4171FB5B57100356A42 /* Frameworks */ = {
			isa = PBXGroup;
			children = (
				C4A8A41C1FB5BC5200356A42 /* RxCocoa.framework */,
				C4A8A41A1FB5BC4C00356A42 /* RxSwift.framework */,
				C41E94941FC4380F00815E71 /* RxCocoa.framework */,
				C41E94951FC4380F00815E71 /* RxSwift.framework */,
				C4A8A4191FB5B57100356A42 /* RxCoreLocation.framework */,
			);
			name = Frameworks;
			sourceTree = "<group>";
		};
/* End PBXGroup section */

/* Begin PBXNativeTarget section */
		C4A8A3E51FB5B4F600356A42 /* RxCoreLocationExample */ = {
			isa = PBXNativeTarget;
			buildConfigurationList = C4A8A40E1FB5B4F700356A42 /* Build configuration list for PBXNativeTarget "RxCoreLocationExample" */;
			buildPhases = (
				C4A8A3E21FB5B4F600356A42 /* Sources */,
				C4A8A3E31FB5B4F600356A42 /* Frameworks */,
				C4A8A3E41FB5B4F600356A42 /* Resources */,
				C41E94931FC4377E00815E71 /* Embed Frameworks */,
			);
			buildRules = (
			);
			dependencies = (
			);
			name = RxCoreLocationExample;
			productName = RxCoreLocationExample;
			productReference = C4A8A3E61FB5B4F600356A42 /* RxCoreLocationExample.app */;
			productType = "com.apple.product-type.application";
		};
/* End PBXNativeTarget section */

/* Begin PBXProject section */
		C4A8A3DE1FB5B4F600356A42 /* Project object */ = {
			isa = PBXProject;
			attributes = {
				LastSwiftUpdateCheck = 0910;
				LastUpgradeCheck = 0940;
				ORGANIZATIONNAME = "Bob Godwin";
				TargetAttributes = {
					C4A8A3E51FB5B4F600356A42 = {
						CreatedOnToolsVersion = 9.1;
						ProvisioningStyle = Automatic;
					};
				};
			};
			buildConfigurationList = C4A8A3E11FB5B4F600356A42 /* Build configuration list for PBXProject "RxCoreLocationExample" */;
			compatibilityVersion = "Xcode 8.0";
			developmentRegion = en;
			hasScannedForEncodings = 0;
			knownRegions = (
				en,
				Base,
			);
			mainGroup = C4A8A3DD1FB5B4F600356A42;
			productRefGroup = C4A8A3E71FB5B4F600356A42 /* Products */;
			projectDirPath = "";
			projectRoot = "";
			targets = (
				C4A8A3E51FB5B4F600356A42 /* RxCoreLocationExample */,
			);
		};
/* End PBXProject section */

/* Begin PBXResourcesBuildPhase section */
		C4A8A3E41FB5B4F600356A42 /* Resources */ = {
			isa = PBXResourcesBuildPhase;
			buildActionMask = 2147483647;
			files = (
				C4A8A3F41FB5B4F600356A42 /* LaunchScreen.storyboard in Resources */,
				C4A8A3F11FB5B4F600356A42 /* Assets.xcassets in Resources */,
				C4A8A3EF1FB5B4F600356A42 /* Main.storyboard in Resources */,
				C47207A01FB8ED5400197310 /* berlin.gpx in Resources */,
			);
			runOnlyForDeploymentPostprocessing = 0;
		};
/* End PBXResourcesBuildPhase section */

/* Begin PBXSourcesBuildPhase section */
		C4A8A3E21FB5B4F600356A42 /* Sources */ = {
			isa = PBXSourcesBuildPhase;
			buildActionMask = 2147483647;
			files = (
				C4A8A3EC1FB5B4F600356A42 /* ViewController.swift in Sources */,
				C4A8A3EA1FB5B4F600356A42 /* AppDelegate.swift in Sources */,
			);
			runOnlyForDeploymentPostprocessing = 0;
		};
/* End PBXSourcesBuildPhase section */

/* Begin PBXVariantGroup section */
		C4A8A3ED1FB5B4F600356A42 /* Main.storyboard */ = {
			isa = PBXVariantGroup;
			children = (
				C4A8A3EE1FB5B4F600356A42 /* Base */,
			);
			name = Main.storyboard;
			sourceTree = "<group>";
		};
		C4A8A3F21FB5B4F600356A42 /* LaunchScreen.storyboard */ = {
			isa = PBXVariantGroup;
			children = (
				C4A8A3F31FB5B4F600356A42 /* Base */,
			);
			name = LaunchScreen.storyboard;
			sourceTree = "<group>";
		};
/* End PBXVariantGroup section */

/* Begin XCBuildConfiguration section */
		C4A8A40C1FB5B4F700356A42 /* Debug */ = {
			isa = XCBuildConfiguration;
			buildSettings = {
				ALWAYS_SEARCH_USER_PATHS = NO;
				CLANG_ANALYZER_NONNULL = YES;
				CLANG_ANALYZER_NUMBER_OBJECT_CONVERSION = YES_AGGRESSIVE;
				CLANG_CXX_LANGUAGE_STANDARD = "gnu++14";
				CLANG_CXX_LIBRARY = "libc++";
				CLANG_ENABLE_MODULES = YES;
				CLANG_ENABLE_OBJC_ARC = YES;
				CLANG_WARN_BLOCK_CAPTURE_AUTORELEASING = YES;
				CLANG_WARN_BOOL_CONVERSION = YES;
				CLANG_WARN_COMMA = YES;
				CLANG_WARN_CONSTANT_CONVERSION = YES;
				CLANG_WARN_DEPRECATED_OBJC_IMPLEMENTATIONS = YES;
				CLANG_WARN_DIRECT_OBJC_ISA_USAGE = YES_ERROR;
				CLANG_WARN_DOCUMENTATION_COMMENTS = YES;
				CLANG_WARN_EMPTY_BODY = YES;
				CLANG_WARN_ENUM_CONVERSION = YES;
				CLANG_WARN_INFINITE_RECURSION = YES;
				CLANG_WARN_INT_CONVERSION = YES;
				CLANG_WARN_NON_LITERAL_NULL_CONVERSION = YES;
				CLANG_WARN_OBJC_IMPLICIT_RETAIN_SELF = YES;
				CLANG_WARN_OBJC_LITERAL_CONVERSION = YES;
				CLANG_WARN_OBJC_ROOT_CLASS = YES_ERROR;
				CLANG_WARN_RANGE_LOOP_ANALYSIS = YES;
				CLANG_WARN_STRICT_PROTOTYPES = YES;
				CLANG_WARN_SUSPICIOUS_MOVE = YES;
				CLANG_WARN_UNGUARDED_AVAILABILITY = YES_AGGRESSIVE;
				CLANG_WARN_UNREACHABLE_CODE = YES;
				CLANG_WARN__DUPLICATE_METHOD_MATCH = YES;
				CODE_SIGN_IDENTITY = "";
				COPY_PHASE_STRIP = NO;
				DEBUG_INFORMATION_FORMAT = dwarf;
				ENABLE_STRICT_OBJC_MSGSEND = YES;
				ENABLE_TESTABILITY = YES;
				FRAMEWORK_SEARCH_PATHS = "$(PROJECT_DIR)/Carthage/Build/iOS";
				GCC_C_LANGUAGE_STANDARD = gnu11;
				GCC_DYNAMIC_NO_PIC = NO;
				GCC_NO_COMMON_BLOCKS = YES;
				GCC_OPTIMIZATION_LEVEL = 0;
				GCC_PREPROCESSOR_DEFINITIONS = (
					"DEBUG=1",
					"$(inherited)",
				);
				GCC_WARN_64_TO_32_BIT_CONVERSION = YES;
				GCC_WARN_ABOUT_RETURN_TYPE = YES_ERROR;
				GCC_WARN_UNDECLARED_SELECTOR = YES;
				GCC_WARN_UNINITIALIZED_AUTOS = YES_AGGRESSIVE;
				GCC_WARN_UNUSED_FUNCTION = YES;
				GCC_WARN_UNUSED_VARIABLE = YES;
				IPHONEOS_DEPLOYMENT_TARGET = 9.3;
				LD_RUNPATH_SEARCH_PATHS = "$(inherited) @executable_path/Frameworks @loader_path/Frameworks $(PROJECT_DIR)/Carthage/Build/iOS";
				MTL_ENABLE_DEBUG_INFO = YES;
				ONLY_ACTIVE_ARCH = YES;
				SDKROOT = iphoneos;
				SWIFT_ACTIVE_COMPILATION_CONDITIONS = DEBUG;
				SWIFT_OPTIMIZATION_LEVEL = "-Onone";
				SWIFT_VERSION = 5.0;
			};
			name = Debug;
		};
		C4A8A40D1FB5B4F700356A42 /* Release */ = {
			isa = XCBuildConfiguration;
			buildSettings = {
				ALWAYS_SEARCH_USER_PATHS = NO;
				CLANG_ANALYZER_NONNULL = YES;
				CLANG_ANALYZER_NUMBER_OBJECT_CONVERSION = YES_AGGRESSIVE;
				CLANG_CXX_LANGUAGE_STANDARD = "gnu++14";
				CLANG_CXX_LIBRARY = "libc++";
				CLANG_ENABLE_MODULES = YES;
				CLANG_ENABLE_OBJC_ARC = YES;
				CLANG_WARN_BLOCK_CAPTURE_AUTORELEASING = YES;
				CLANG_WARN_BOOL_CONVERSION = YES;
				CLANG_WARN_COMMA = YES;
				CLANG_WARN_CONSTANT_CONVERSION = YES;
				CLANG_WARN_DEPRECATED_OBJC_IMPLEMENTATIONS = YES;
				CLANG_WARN_DIRECT_OBJC_ISA_USAGE = YES_ERROR;
				CLANG_WARN_DOCUMENTATION_COMMENTS = YES;
				CLANG_WARN_EMPTY_BODY = YES;
				CLANG_WARN_ENUM_CONVERSION = YES;
				CLANG_WARN_INFINITE_RECURSION = YES;
				CLANG_WARN_INT_CONVERSION = YES;
				CLANG_WARN_NON_LITERAL_NULL_CONVERSION = YES;
				CLANG_WARN_OBJC_IMPLICIT_RETAIN_SELF = YES;
				CLANG_WARN_OBJC_LITERAL_CONVERSION = YES;
				CLANG_WARN_OBJC_ROOT_CLASS = YES_ERROR;
				CLANG_WARN_RANGE_LOOP_ANALYSIS = YES;
				CLANG_WARN_STRICT_PROTOTYPES = YES;
				CLANG_WARN_SUSPICIOUS_MOVE = YES;
				CLANG_WARN_UNGUARDED_AVAILABILITY = YES_AGGRESSIVE;
				CLANG_WARN_UNREACHABLE_CODE = YES;
				CLANG_WARN__DUPLICATE_METHOD_MATCH = YES;
				CODE_SIGN_IDENTITY = "";
				COPY_PHASE_STRIP = NO;
				DEBUG_INFORMATION_FORMAT = "dwarf-with-dsym";
				ENABLE_NS_ASSERTIONS = NO;
				ENABLE_STRICT_OBJC_MSGSEND = YES;
				FRAMEWORK_SEARCH_PATHS = "$(PROJECT_DIR)/Carthage/Build/iOS";
				GCC_C_LANGUAGE_STANDARD = gnu11;
				GCC_NO_COMMON_BLOCKS = YES;
				GCC_WARN_64_TO_32_BIT_CONVERSION = YES;
				GCC_WARN_ABOUT_RETURN_TYPE = YES_ERROR;
				GCC_WARN_UNDECLARED_SELECTOR = YES;
				GCC_WARN_UNINITIALIZED_AUTOS = YES_AGGRESSIVE;
				GCC_WARN_UNUSED_FUNCTION = YES;
				GCC_WARN_UNUSED_VARIABLE = YES;
				IPHONEOS_DEPLOYMENT_TARGET = 9.3;
				LD_RUNPATH_SEARCH_PATHS = "$(inherited) @executable_path/Frameworks @loader_path/Frameworks $(PROJECT_DIR)/Carthage/Build/iOS";
				MTL_ENABLE_DEBUG_INFO = NO;
				SDKROOT = iphoneos;
				SWIFT_OPTIMIZATION_LEVEL = "-Owholemodule";
				SWIFT_VERSION = 5.0;
				VALIDATE_PRODUCT = YES;
			};
			name = Release;
		};
		C4A8A40F1FB5B4F700356A42 /* Debug */ = {
			isa = XCBuildConfiguration;
			buildSettings = {
				ASSETCATALOG_COMPILER_APPICON_NAME = AppIcon;
				"CODE_SIGN_IDENTITY[sdk=iphoneos*]" = "iPhone Developer";
				CODE_SIGN_STYLE = Automatic;
				DEVELOPMENT_TEAM = "";
				FRAMEWORK_SEARCH_PATHS = (
					"$(inherited)",
					"$(PROJECT_DIR)/Carthage/Build/iOS",
				);
				INFOPLIST_FILE = RxCoreLocationExample/Info.plist;
				IPHONEOS_DEPLOYMENT_TARGET = 9.3;
				LD_RUNPATH_SEARCH_PATHS = "$(inherited) @executable_path/Frameworks";
				PRODUCT_BUNDLE_IDENTIFIER = bobgodwinx.RxCoreLocationExample;
				PRODUCT_NAME = "$(TARGET_NAME)";
				PROVISIONING_PROFILE_SPECIFIER = "";
				TARGETED_DEVICE_FAMILY = 1;
			};
			name = Debug;
		};
		C4A8A4101FB5B4F700356A42 /* Release */ = {
			isa = XCBuildConfiguration;
			buildSettings = {
				ASSETCATALOG_COMPILER_APPICON_NAME = AppIcon;
				"CODE_SIGN_IDENTITY[sdk=iphoneos*]" = "iPhone Developer";
				CODE_SIGN_STYLE = Automatic;
				DEVELOPMENT_TEAM = "";
				FRAMEWORK_SEARCH_PATHS = (
					"$(inherited)",
					"$(PROJECT_DIR)/Carthage/Build/iOS",
				);
				INFOPLIST_FILE = RxCoreLocationExample/Info.plist;
				IPHONEOS_DEPLOYMENT_TARGET = 9.3;
				LD_RUNPATH_SEARCH_PATHS = "$(inherited) @executable_path/Frameworks";
				PRODUCT_BUNDLE_IDENTIFIER = bobgodwinx.RxCoreLocationExample;
				PRODUCT_NAME = "$(TARGET_NAME)";
				PROVISIONING_PROFILE_SPECIFIER = "";
				TARGETED_DEVICE_FAMILY = 1;
			};
			name = Release;
		};
/* End XCBuildConfiguration section */

/* Begin XCConfigurationList section */
		C4A8A3E11FB5B4F600356A42 /* Build configuration list for PBXProject "RxCoreLocationExample" */ = {
			isa = XCConfigurationList;
			buildConfigurations = (
				C4A8A40C1FB5B4F700356A42 /* Debug */,
				C4A8A40D1FB5B4F700356A42 /* Release */,
			);
			defaultConfigurationIsVisible = 0;
			defaultConfigurationName = Release;
		};
		C4A8A40E1FB5B4F700356A42 /* Build configuration list for PBXNativeTarget "RxCoreLocationExample" */ = {
			isa = XCConfigurationList;
			buildConfigurations = (
				C4A8A40F1FB5B4F700356A42 /* Debug */,
				C4A8A4101FB5B4F700356A42 /* Release */,
			);
			defaultConfigurationIsVisible = 0;
			defaultConfigurationName = Release;
		};
/* End XCConfigurationList section */
	};
	rootObject = C4A8A3DE1FB5B4F600356A42 /* Project object */;
}
